// !$*UTF8*$!
{
	archiveVersion = 1;
	classes = {
	};
	objectVersion = 46;
	objects = {

/* Begin PBXBuildFile section */
		A14C43741BC2DF1C00F5508B /* Advanced_Transition_Engine.h in CopyFiles */ = {isa = PBXBuildFile; fileRef = A14C43731BC2DF1C00F5508B /* Advanced_Transition_Engine.h */; };
		A14C43761BC2DF1C00F5508B /* Advanced_Transition_Engine.m in Sources */ = {isa = PBXBuildFile; fileRef = A14C43751BC2DF1C00F5508B /* Advanced_Transition_Engine.m */; };
/* End PBXBuildFile section */

/* Begin PBXCopyFilesBuildPhase section */
		A14C436E1BC2DF1C00F5508B /* CopyFiles */ = {
			isa = PBXCopyFilesBuildPhase;
			buildActionMask = 2147483647;
			dstPath = "include/$(PRODUCT_NAME)";
			dstSubfolderSpec = 16;
			files = (
				A14C43741BC2DF1C00F5508B /* Advanced_Transition_Engine.h in CopyFiles */,
			);
			runOnlyForDeploymentPostprocessing = 0;
		};
/* End PBXCopyFilesBuildPhase section */

/* Begin PBXFileReference section */
		A14C43701BC2DF1C00F5508B /* libAdvanced Transition Engine.a */ = {isa = PBXFileReference; explicitFileType = archive.ar; includeInIndex = 0; path = "libAdvanced Transition Engine.a"; sourceTree = BUILT_PRODUCTS_DIR; };
		A14C43731BC2DF1C00F5508B /* Advanced_Transition_Engine.h */ = {isa = PBXFileReference; lastKnownFileType = sourcecode.c.h; path = Advanced_Transition_Engine.h; sourceTree = "<group>"; };
		A14C43751BC2DF1C00F5508B /* Advanced_Transition_Engine.m */ = {isa = PBXFileReference; lastKnownFileType = sourcecode.c.objc; path = Advanced_Transition_Engine.m; sourceTree = "<group>"; };
/* End PBXFileReference section */

/* Begin PBXFrameworksBuildPhase section */
		A14C436D1BC2DF1C00F5508B /* Frameworks */ = {
			isa = PBXFrameworksBuildPhase;
			buildActionMask = 2147483647;
			files = (
			);
			runOnlyForDeploymentPostprocessing = 0;
		};
/* End PBXFrameworksBuildPhase section */

/* Begin PBXGroup section */
		A14C43671BC2DF1C00F5508B = {
			isa = PBXGroup;
			children = (
				A14C43721BC2DF1C00F5508B /* Advanced Transition Engine */,
				A14C43711BC2DF1C00F5508B /* Products */,
			);
			sourceTree = "<group>";
		};
		A14C43711BC2DF1C00F5508B /* Products */ = {
			isa = PBXGroup;
			children = (
				A14C43701BC2DF1C00F5508B /* libAdvanced Transition Engine.a */,
			);
			name = Products;
			sourceTree = "<group>";
		};
		A14C43721BC2DF1C00F5508B /* Advanced Transition Engine */ = {
			isa = PBXGroup;
			children = (
				A14C43731BC2DF1C00F5508B /* Advanced_Transition_Engine.h */,
				A14C43751BC2DF1C00F5508B /* Advanced_Transition_Engine.m */,
			);
			path = "Advanced Transition Engine";
			sourceTree = "<group>";
		};
/* End PBXGroup section */

/* Begin PBXNativeTarget section */
		A14C436F1BC2DF1C00F5508B /* Advanced Transition Engine */ = {
			isa = PBXNativeTarget;
			buildConfigurationList = A14C43791BC2DF1C00F5508B /* Build configuration list for PBXNativeTarget "Advanced Transition Engine" */;
			buildPhases = (
				A14C436C1BC2DF1C00F5508B /* Sources */,
				A14C436D1BC2DF1C00F5508B /* Frameworks */,
				A14C436E1BC2DF1C00F5508B /* CopyFiles */,
			);
			buildRules = (
			);
			dependencies = (
			);
			name = "Advanced Transition Engine";
			productName = "Advanced Transition Engine";
			productReference = A14C43701BC2DF1C00F5508B /* libAdvanced Transition Engine.a */;
			productType = "com.apple.product-type.library.static";
		};
/* End PBXNativeTarget section */

/* Begin PBXProject section */
		A14C43681BC2DF1C00F5508B /* Project object */ = {
			isa = PBXProject;
			attributes = {
				LastUpgradeCheck = 0700;
				ORGANIZATIONNAME = niveusrosea;
				TargetAttributes = {
					A14C436F1BC2DF1C00F5508B = {
						CreatedOnToolsVersion = 7.0.1;
					};
				};
			};
			buildConfigurationList = A14C436B1BC2DF1C00F5508B /* Build configuration list for PBXProject "Advanced Transition Engine" */;
			compatibilityVersion = "Xcode 3.2";
			developmentRegion = English;
			hasScannedForEncodings = 0;
			knownRegions = (
				en,
			);
			mainGroup = A14C43671BC2DF1C00F5508B;
			productRefGroup = A14C43711BC2DF1C00F5508B /* Products */;
			projectDirPath = "";
			projectRoot = "";
			targets = (
				A14C436F1BC2DF1C00F5508B /* Advanced Transition Engine */,
			);
		};
/* End PBXProject section */

/* Begin PBXSourcesBuildPhase section */
		A14C436C1BC2DF1C00F5508B /* Sources */ = {
			isa = PBXSourcesBuildPhase;
			buildActionMask = 2147483647;
			files = (
				A14C43761BC2DF1C00F5508B /* Advanced_Transition_Engine.m in Sources */,
			);
			runOnlyForDeploymentPostprocessing = 0;
		};
/* End PBXSourcesBuildPhase section */

/* Begin XCBuildConfiguration section */
		A14C43771BC2DF1C00F5508B /* Debug */ = {
			isa = XCBuildConfiguration;
			buildSettings = {
				ALWAYS_SEARCH_USER_PATHS = NO;
				CLANG_CXX_LANGUAGE_STANDARD = "gnu++0x";
				CLANG_CXX_LIBRARY = "libc++";
				CLANG_ENABLE_MODULES = YES;
				CLANG_ENABLE_OBJC_ARC = YES;
				CLANG_WARN_BOOL_CONVERSION = YES;
				CLANG_WARN_CONSTANT_CONVERSION = YES;
				CLANG_WARN_DIRECT_OBJC_ISA_USAGE = YES_ERROR;
				CLANG_WARN_EMPTY_BODY = YES;
				CLANG_WARN_ENUM_CONVERSION = YES;
				CLANG_WARN_INT_CONVERSION = YES;
				CLANG_WARN_OBJC_ROOT_CLASS = YES_ERROR;
				CLANG_WARN_UNREACHABLE_CODE = YES;
				CLANG_WARN__DUPLICATE_METHOD_MATCH = YES;
				COPY_PHASE_STRIP = NO;
				DEBUG_INFORMATION_FORMAT = dwarf;
				ENABLE_STRICT_OBJC_MSGSEND = YES;
				ENABLE_TESTABILITY = YES;
				GCC_C_LANGUAGE_STANDARD = gnu99;
				GCC_DYNAMIC_NO_PIC = NO;
				GCC_NO_COMMON_BLOCKS = YES;
				GCC_OPTIMIZATION_LEVEL = 0;
				GCC_PREPROCESSOR_DEFINITIONS = (
					"DEBUG=1",
					"$(inherited)",
				);
				GCC_WARN_64_TO_32_BIT_CONVERSION = YES;
				GCC_WARN_ABOUT_RETURN_TYPE = YES_ERROR;
				GCC_WARN_UNDECLARED_SELECTOR = YES;
				GCC_WARN_UNINITIALIZED_AUTOS = YES_AGGRESSIVE;
				GCC_WARN_UNUSED_FUNCTION = YES;
				GCC_WARN_UNUSED_VARIABLE = YES;
				IPHONEOS_DEPLOYMENT_TARGET = 9.0;
				MTL_ENABLE_DEBUG_INFO = YES;
				ONLY_ACTIVE_ARCH = YES;
				SDKROOT = iphoneos;
			};
			name = Debug;
		};
		A14C43781BC2DF1C00F5508B /* Release */ = {
			isa = XCBuildConfiguration;
			buildSettings = {
				ALWAYS_SEARCH_USER_PATHS = NO;
				CLANG_CXX_LANGUAGE_STANDARD = "gnu++0x";
				CLANG_CXX_LIBRARY = "libc++";
				CLANG_ENABLE_MODULES = YES;
				CLANG_ENABLE_OBJC_ARC = YES;
				CLANG_WARN_BOOL_CONVERSION = YES;
				CLANG_WARN_CONSTANT_CONVERSION = YES;
				CLANG_WARN_DIRECT_OBJC_ISA_USAGE = YES_ERROR;
				CLANG_WARN_EMPTY_BODY = YES;
				CLANG_WARN_ENUM_CONVERSION = YES;
				CLANG_WARN_INT_CONVERSION = YES;
				CLANG_WARN_OBJC_ROOT_CLASS = YES_ERROR;
				CLANG_WARN_UNREACHABLE_CODE = YES;
				CLANG_WARN__DUPLICATE_METHOD_MATCH = YES;
				COPY_PHASE_STRIP = NO;
				DEBUG_INFORMATION_FORMAT = "dwarf-with-dsym";
				ENABLE_NS_ASSERTIONS = NO;
				ENABLE_STRICT_OBJC_MSGSEND = YES;
				GCC_C_LANGUAGE_STANDARD = gnu99;
				GCC_NO_COMMON_BLOCKS = YES;
				GCC_WARN_64_TO_32_BIT_CONVERSION = YES;
				GCC_WARN_ABOUT_RETURN_TYPE = YES_ERROR;
				GCC_WARN_UNDECLARED_SELECTOR = YES;
				GCC_WARN_UNINITIALIZED_AUTOS = YES_AGGRESSIVE;
				GCC_WARN_UNUSED_FUNCTION = YES;
				GCC_WARN_UNUSED_VARIABLE = YES;
				IPHONEOS_DEPLOYMENT_TARGET = 9.0;
				MTL_ENABLE_DEBUG_INFO = NO;
				SDKROOT = iphoneos;
				VALIDATE_PRODUCT = YES;
			};
			name = Release;
		};
		A14C437A1BC2DF1C00F5508B /* Debug */ = {
			isa = XCBuildConfiguration;
			buildSettings = {
				OTHER_LDFLAGS = "-ObjC";
				PRODUCT_NAME = "$(TARGET_NAME)";
				SKIP_INSTALL = YES;
			};
			name = Debug;
		};
		A14C437B1BC2DF1C00F5508B /* Release */ = {
			isa = XCBuildConfiguration;
			buildSettings = {
				OTHER_LDFLAGS = "-ObjC";
				PRODUCT_NAME = "$(TARGET_NAME)";
				SKIP_INSTALL = YES;
			};
			name = Release;
		};
/* End XCBuildConfiguration section */

/* Begin XCConfigurationList section */
		A14C436B1BC2DF1C00F5508B /* Build configuration list for PBXProject "Advanced Transition Engine" */ = {
			isa = XCConfigurationList;
			buildConfigurations = (
				A14C43771BC2DF1C00F5508B /* Debug */,
				A14C43781BC2DF1C00F5508B /* Release */,
			);
			defaultConfigurationIsVisible = 0;
			defaultConfigurationName = Release;
		};
		A14C43791BC2DF1C00F5508B /* Build configuration list for PBXNativeTarget "Advanced Transition Engine" */ = {
			isa = XCConfigurationList;
			buildConfigurations = (
				A14C437A1BC2DF1C00F5508B /* Debug */,
				A14C437B1BC2DF1C00F5508B /* Release */,
			);
			defaultConfigurationIsVisible = 0;
		};
/* End XCConfigurationList section */
	};
	rootObject = A14C43681BC2DF1C00F5508B /* Project object */;
}
